
Microsoft Visual Studio Solution File, Format Version 12.00
Project("{FAE04EC0-301F-11D3-BF4B-00C04F79EFBC}") = "Pjfm.Bff", "src\Pjfm.Bff\Pjfm.Bff.csproj", "{262C78E4-D0F3-4719-8D2A-CEADA1F45164}"
EndProject
Project("{FAE04EC0-301F-11D3-BF4B-00C04F79EFBC}") = "Pjfm.Api", "src\Pjfm.Api\Pjfm.Api.csproj", "{15C71B33-2844-4D0B-8F73-15EF31F27127}"
EndProject
Project("{FAE04EC0-301F-11D3-BF4B-00C04F79EFBC}") = "Domain", "src\Domain\Domain.csproj", "{49E2515E-39B9-415D-8427-A912C2864D28}"
EndProject
Project("{FAE04EC0-301F-11D3-BF4B-00C04F79EFBC}") = "Pjfm.Common", "src\Pjfm.Common\Pjfm.Common.csproj", "{E29B9158-C33F-4C3C-AA49-25FEFEADFB4C}"
EndProject
Project("{FAE04EC0-301F-11D3-BF4B-00C04F79EFBC}") = "Pjfm.Infrastructure", "src\Pjfm.Infrastructure\Pjfm.Infrastructure.csproj", "{B2EA444B-E615-4409-9304-3579F69FE1BA}"
EndProject
Project("{FAE04EC0-301F-11D3-BF4B-00C04F79EFBC}") = "Pjfm.Appliaction", "Pjfm.Appliaction\Pjfm.Appliaction.csproj", "{0DFAAEE7-7241-4A9A-8069-1FBC742F852D}"
EndProject
Global
	GlobalSection(SolutionConfigurationPlatforms) = preSolution
		Debug|Any CPU = Debug|Any CPU
		Release|Any CPU = Release|Any CPU
	EndGlobalSection
	GlobalSection(ProjectConfigurationPlatforms) = postSolution
		{262C78E4-D0F3-4719-8D2A-CEADA1F45164}.Debug|Any CPU.ActiveCfg = Debug|Any CPU
		{262C78E4-D0F3-4719-8D2A-CEADA1F45164}.Debug|Any CPU.Build.0 = Debug|Any CPU
		{262C78E4-D0F3-4719-8D2A-CEADA1F45164}.Release|Any CPU.ActiveCfg = Release|Any CPU
		{262C78E4-D0F3-4719-8D2A-CEADA1F45164}.Release|Any CPU.Build.0 = Release|Any CPU
		{15C71B33-2844-4D0B-8F73-15EF31F27127}.Debug|Any CPU.ActiveCfg = Debug|Any CPU
		{15C71B33-2844-4D0B-8F73-15EF31F27127}.Debug|Any CPU.Build.0 = Debug|Any CPU
		{15C71B33-2844-4D0B-8F73-15EF31F27127}.Release|Any CPU.ActiveCfg = Release|Any CPU
		{15C71B33-2844-4D0B-8F73-15EF31F27127}.Release|Any CPU.Build.0 = Release|Any CPU
		{49E2515E-39B9-415D-8427-A912C2864D28}.Debug|Any CPU.ActiveCfg = Debug|Any CPU
		{49E2515E-39B9-415D-8427-A912C2864D28}.Debug|Any CPU.Build.0 = Debug|Any CPU
		{49E2515E-39B9-415D-8427-A912C2864D28}.Release|Any CPU.ActiveCfg = Release|Any CPU
		{49E2515E-39B9-415D-8427-A912C2864D28}.Release|Any CPU.Build.0 = Release|Any CPU
		{E29B9158-C33F-4C3C-AA49-25FEFEADFB4C}.Debug|Any CPU.ActiveCfg = Debug|Any CPU
		{E29B9158-C33F-4C3C-AA49-25FEFEADFB4C}.Debug|Any CPU.Build.0 = Debug|Any CPU
		{E29B9158-C33F-4C3C-AA49-25FEFEADFB4C}.Release|Any CPU.ActiveCfg = Release|Any CPU
		{E29B9158-C33F-4C3C-AA49-25FEFEADFB4C}.Release|Any CPU.Build.0 = Release|Any CPU
		{B2EA444B-E615-4409-9304-3579F69FE1BA}.Debug|Any CPU.ActiveCfg = Debug|Any CPU
		{B2EA444B-E615-4409-9304-3579F69FE1BA}.Debug|Any CPU.Build.0 = Debug|Any CPU
		{B2EA444B-E615-4409-9304-3579F69FE1BA}.Release|Any CPU.ActiveCfg = Release|Any CPU
		{B2EA444B-E615-4409-9304-3579F69FE1BA}.Release|Any CPU.Build.0 = Release|Any CPU
		{0DFAAEE7-7241-4A9A-8069-1FBC742F852D}.Debug|Any CPU.ActiveCfg = Debug|Any CPU
		{0DFAAEE7-7241-4A9A-8069-1FBC742F852D}.Debug|Any CPU.Build.0 = Debug|Any CPU
		{0DFAAEE7-7241-4A9A-8069-1FBC742F852D}.Release|Any CPU.ActiveCfg = Release|Any CPU
		{0DFAAEE7-7241-4A9A-8069-1FBC742F852D}.Release|Any CPU.Build.0 = Release|Any CPU
	EndGlobalSection
EndGlobal
