
Microsoft Visual Studio Solution File, Format Version 12.00
Project("{FAE04EC0-301F-11D3-BF4B-00C04F79EFBC}") = "Pjfm.Api", "src\Pjfm.Api\Pjfm.Api.csproj", "{15C71B33-2844-4D0B-8F73-15EF31F27127}"
EndProject
Project("{FAE04EC0-301F-11D3-BF4B-00C04F79EFBC}") = "Domain", "src\Domain\Domain.csproj", "{49E2515E-39B9-415D-8427-A912C2864D28}"
EndProject
Project("{FAE04EC0-301F-11D3-BF4B-00C04F79EFBC}") = "Pjfm.Common", "src\Pjfm.Common\Pjfm.Common.csproj", "{E29B9158-C33F-4C3C-AA49-25FEFEADFB4C}"
EndProject
Project("{FAE04EC0-301F-11D3-BF4B-00C04F79EFBC}") = "Pjfm.Infrastructure", "src\Pjfm.Infrastructure\Pjfm.Infrastructure.csproj", "{B2EA444B-E615-4409-9304-3579F69FE1BA}"
EndProject
Project("{FAE04EC0-301F-11D3-BF4B-00C04F79EFBC}") = "Pjfm.Application", "src\Pjfm.Application\Pjfm.Application.csproj", "{501C80F9-324A-48EB-9CF0-A5A57628B760}"
EndProject
Project("{FAE04EC0-301F-11D3-BF4B-00C04F79EFBC}") = "SpotifyPlayback", "src\SpotifyPlayback\SpotifyPlayback.csproj", "{C93A274B-7BE0-4392-97A9-72FD728756F9}"
EndProject
Project("{FAE04EC0-301F-11D3-BF4B-00C04F79EFBC}") = "Pjfm.SpotifyPlayback.Test", "tests\Pjfm.SpotifyPlayback.Test\Pjfm.SpotifyPlayback.Test.csproj", "{9B05491C-3EE4-45FB-91F8-94343DC82185}"
EndProject
Project("{FAE04EC0-301F-11D3-BF4B-00C04F79EFBC}") = "Pjfm.Testing", "tests\Pjfm.Testing\Pjfm.Testing.csproj", "{B6C043F5-7D44-4649-A002-EF2FA116D925}"
EndProject
Project("{FAE04EC0-301F-11D3-BF4B-00C04F79EFBC}") = "Pjfm.WebClient", "src\Pjfm.WebClient\Pjfm.WebClient.csproj", "{E28F8D6A-8352-4721-A983-DDA41EB21BB0}"
EndProject
Global
	GlobalSection(SolutionConfigurationPlatforms) = preSolution
		Debug|Any CPU = Debug|Any CPU
		Release|Any CPU = Release|Any CPU
	EndGlobalSection
	GlobalSection(ProjectConfigurationPlatforms) = postSolution
		{15C71B33-2844-4D0B-8F73-15EF31F27127}.Debug|Any CPU.ActiveCfg = Debug|Any CPU
		{15C71B33-2844-4D0B-8F73-15EF31F27127}.Debug|Any CPU.Build.0 = Debug|Any CPU
		{15C71B33-2844-4D0B-8F73-15EF31F27127}.Release|Any CPU.ActiveCfg = Release|Any CPU
		{15C71B33-2844-4D0B-8F73-15EF31F27127}.Release|Any CPU.Build.0 = Release|Any CPU
		{49E2515E-39B9-415D-8427-A912C2864D28}.Debug|Any CPU.ActiveCfg = Debug|Any CPU
		{49E2515E-39B9-415D-8427-A912C2864D28}.Debug|Any CPU.Build.0 = Debug|Any CPU
		{49E2515E-39B9-415D-8427-A912C2864D28}.Release|Any CPU.ActiveCfg = Release|Any CPU
		{49E2515E-39B9-415D-8427-A912C2864D28}.Release|Any CPU.Build.0 = Release|Any CPU
		{E29B9158-C33F-4C3C-AA49-25FEFEADFB4C}.Debug|Any CPU.ActiveCfg = Debug|Any CPU
		{E29B9158-C33F-4C3C-AA49-25FEFEADFB4C}.Debug|Any CPU.Build.0 = Debug|Any CPU
		{E29B9158-C33F-4C3C-AA49-25FEFEADFB4C}.Release|Any CPU.ActiveCfg = Release|Any CPU
		{E29B9158-C33F-4C3C-AA49-25FEFEADFB4C}.Release|Any CPU.Build.0 = Release|Any CPU
		{B2EA444B-E615-4409-9304-3579F69FE1BA}.Debug|Any CPU.ActiveCfg = Debug|Any CPU
		{B2EA444B-E615-4409-9304-3579F69FE1BA}.Debug|Any CPU.Build.0 = Debug|Any CPU
		{B2EA444B-E615-4409-9304-3579F69FE1BA}.Release|Any CPU.ActiveCfg = Release|Any CPU
		{B2EA444B-E615-4409-9304-3579F69FE1BA}.Release|Any CPU.Build.0 = Release|Any CPU
		{501C80F9-324A-48EB-9CF0-A5A57628B760}.Debug|Any CPU.ActiveCfg = Debug|Any CPU
		{501C80F9-324A-48EB-9CF0-A5A57628B760}.Debug|Any CPU.Build.0 = Debug|Any CPU
		{501C80F9-324A-48EB-9CF0-A5A57628B760}.Release|Any CPU.ActiveCfg = Release|Any CPU
		{501C80F9-324A-48EB-9CF0-A5A57628B760}.Release|Any CPU.Build.0 = Release|Any CPU
		{C93A274B-7BE0-4392-97A9-72FD728756F9}.Debug|Any CPU.ActiveCfg = Debug|Any CPU
		{C93A274B-7BE0-4392-97A9-72FD728756F9}.Debug|Any CPU.Build.0 = Debug|Any CPU
		{C93A274B-7BE0-4392-97A9-72FD728756F9}.Release|Any CPU.ActiveCfg = Release|Any CPU
		{C93A274B-7BE0-4392-97A9-72FD728756F9}.Release|Any CPU.Build.0 = Release|Any CPU
		{9B05491C-3EE4-45FB-91F8-94343DC82185}.Debug|Any CPU.ActiveCfg = Debug|Any CPU
		{9B05491C-3EE4-45FB-91F8-94343DC82185}.Debug|Any CPU.Build.0 = Debug|Any CPU
		{9B05491C-3EE4-45FB-91F8-94343DC82185}.Release|Any CPU.ActiveCfg = Release|Any CPU
		{9B05491C-3EE4-45FB-91F8-94343DC82185}.Release|Any CPU.Build.0 = Release|Any CPU
		{B6C043F5-7D44-4649-A002-EF2FA116D925}.Debug|Any CPU.ActiveCfg = Debug|Any CPU
		{B6C043F5-7D44-4649-A002-EF2FA116D925}.Debug|Any CPU.Build.0 = Debug|Any CPU
		{B6C043F5-7D44-4649-A002-EF2FA116D925}.Release|Any CPU.ActiveCfg = Release|Any CPU
		{B6C043F5-7D44-4649-A002-EF2FA116D925}.Release|Any CPU.Build.0 = Release|Any CPU
		{E28F8D6A-8352-4721-A983-DDA41EB21BB0}.Debug|Any CPU.ActiveCfg = Debug|Any CPU
		{E28F8D6A-8352-4721-A983-DDA41EB21BB0}.Debug|Any CPU.Build.0 = Debug|Any CPU
		{E28F8D6A-8352-4721-A983-DDA41EB21BB0}.Release|Any CPU.ActiveCfg = Release|Any CPU
		{E28F8D6A-8352-4721-A983-DDA41EB21BB0}.Release|Any CPU.Build.0 = Release|Any CPU
	EndGlobalSection
EndGlobal
